
Microsoft Visual Studio Solution File, Format Version 12.00
# Visual Studio Version 17
VisualStudioVersion = 17.12.35707.178
MinimumVisualStudioVersion = 10.0.40219.1
Project("{2150E333-8FDC-42A3-9474-1A3956D46DE8}") = "Core", "Core", "{425FD406-BA63-492B-BC62-8581FA219EDD}"
EndProject
Project("{FAE04EC0-301F-11D3-BF4B-00C04F79EFBC}") = "NetMed.Domain", "NetMed.Domain\NetMed.Domain.csproj", "{2EBBF8FA-1DFC-47B0-AADB-2E7CD901B093}"
EndProject
Project("{2150E333-8FDC-42A3-9474-1A3956D46DE8}") = "Infraestructure", "Infraestructure", "{0106386F-3792-4DA2-BC9A-F98C8C236881}"
EndProject
Project("{2150E333-8FDC-42A3-9474-1A3956D46DE8}") = "Application", "Application", "{4E8129B0-1FE0-434E-B17A-862BAF4046D1}"
EndProject
Project("{2150E333-8FDC-42A3-9474-1A3956D46DE8}") = "Web", "Web", "{9CCE20E7-4F41-49ED-9F38-2AD9B44AEA2F}"
EndProject
Project("{FAE04EC0-301F-11D3-BF4B-00C04F79EFBC}") = "NetMed.Application", "NetMed.Application\NetMed.Application.csproj", "{D16ECF7D-E69A-49FD-A94E-F55E6D92183F}"
EndProject
Project("{FAE04EC0-301F-11D3-BF4B-00C04F79EFBC}") = "NetMed.Infraestructure", "NetMed.Infraestructure\NetMed.Infraestructure.csproj", "{13F5A5C8-CC94-4335-A8B8-DB72F8438460}"
EndProject
Project("{FAE04EC0-301F-11D3-BF4B-00C04F79EFBC}") = "NetMed.Web", "NetMed.Web\NetMed.Web.csproj", "{AB4AD127-D43C-4CA9-8A2C-2C8156507AC9}"
EndProject
Project("{FAE04EC0-301F-11D3-BF4B-00C04F79EFBC}") = "NetMed.Persistence", "NetMed.Persistence\NetMed.Persistence.csproj", "{A759D420-2A0B-40F2-84A4-0BDE7916A0C0}"
EndProject
Project("{2150E333-8FDC-42A3-9474-1A3956D46DE8}") = "Test", "Test", "{5EA639D5-C646-4D59-940A-011D8A676DA6}"
EndProject
Project("{FAE04EC0-301F-11D3-BF4B-00C04F79EFBC}") = "NetMed.Persistence.Test", "NetMed.Persistence.Test\NetMed.Persistence.Test.csproj", "{0CB0ACD9-4F17-4C9A-97ED-0C654AE237BD}"
EndProject
Project("{FAE04EC0-301F-11D3-BF4B-00C04F79EFBC}") = "NetMed.Application.Test", "NetMed.Application.Test\NetMed.Application.Test.csproj", "{5A21407C-E4C1-4007-B699-CE5953B7BF3D}"
EndProject
Project("{2150E333-8FDC-42A3-9474-1A3956D46DE8}") = "Api", "Api", "{0754C759-8CB2-4AC3-A381-90AC7B2947E6}"
EndProject
Project("{FAE04EC0-301F-11D3-BF4B-00C04F79EFBC}") = "NetMed.Api", "NetMed.Api\NetMed.Api.csproj", "{B11D4EAB-D097-4275-A73C-6DA02642263B}"
EndProject
Project("{2150E333-8FDC-42A3-9474-1A3956D46DE8}") = "IOC", "IOC", "{FD1427A6-3EEE-47F9-ADF6-DF310DC3C9CF}"
EndProject
Project("{FAE04EC0-301F-11D3-BF4B-00C04F79EFBC}") = "NetMed.IOC", "NetMed.IOC\NetMed.IOC.csproj", "{8D22863B-8AE0-42B8-BCAF-903EB6384461}"
EndProject
Global
	GlobalSection(SolutionConfigurationPlatforms) = preSolution
		Debug|Any CPU = Debug|Any CPU
		Release|Any CPU = Release|Any CPU
	EndGlobalSection
	GlobalSection(ProjectConfigurationPlatforms) = postSolution
		{2EBBF8FA-1DFC-47B0-AADB-2E7CD901B093}.Debug|Any CPU.ActiveCfg = Debug|Any CPU
		{2EBBF8FA-1DFC-47B0-AADB-2E7CD901B093}.Debug|Any CPU.Build.0 = Debug|Any CPU
		{2EBBF8FA-1DFC-47B0-AADB-2E7CD901B093}.Release|Any CPU.ActiveCfg = Release|Any CPU
		{2EBBF8FA-1DFC-47B0-AADB-2E7CD901B093}.Release|Any CPU.Build.0 = Release|Any CPU
		{D16ECF7D-E69A-49FD-A94E-F55E6D92183F}.Debug|Any CPU.ActiveCfg = Debug|Any CPU
		{D16ECF7D-E69A-49FD-A94E-F55E6D92183F}.Debug|Any CPU.Build.0 = Debug|Any CPU
		{D16ECF7D-E69A-49FD-A94E-F55E6D92183F}.Release|Any CPU.ActiveCfg = Release|Any CPU
		{D16ECF7D-E69A-49FD-A94E-F55E6D92183F}.Release|Any CPU.Build.0 = Release|Any CPU
		{13F5A5C8-CC94-4335-A8B8-DB72F8438460}.Debug|Any CPU.ActiveCfg = Debug|Any CPU
		{13F5A5C8-CC94-4335-A8B8-DB72F8438460}.Debug|Any CPU.Build.0 = Debug|Any CPU
		{13F5A5C8-CC94-4335-A8B8-DB72F8438460}.Release|Any CPU.ActiveCfg = Release|Any CPU
		{13F5A5C8-CC94-4335-A8B8-DB72F8438460}.Release|Any CPU.Build.0 = Release|Any CPU
		{AB4AD127-D43C-4CA9-8A2C-2C8156507AC9}.Debug|Any CPU.ActiveCfg = Debug|Any CPU
		{AB4AD127-D43C-4CA9-8A2C-2C8156507AC9}.Debug|Any CPU.Build.0 = Debug|Any CPU
		{AB4AD127-D43C-4CA9-8A2C-2C8156507AC9}.Release|Any CPU.ActiveCfg = Release|Any CPU
		{AB4AD127-D43C-4CA9-8A2C-2C8156507AC9}.Release|Any CPU.Build.0 = Release|Any CPU
		{A759D420-2A0B-40F2-84A4-0BDE7916A0C0}.Debug|Any CPU.ActiveCfg = Debug|Any CPU
		{A759D420-2A0B-40F2-84A4-0BDE7916A0C0}.Debug|Any CPU.Build.0 = Debug|Any CPU
		{A759D420-2A0B-40F2-84A4-0BDE7916A0C0}.Release|Any CPU.ActiveCfg = Release|Any CPU
		{A759D420-2A0B-40F2-84A4-0BDE7916A0C0}.Release|Any CPU.Build.0 = Release|Any CPU
		{0CB0ACD9-4F17-4C9A-97ED-0C654AE237BD}.Debug|Any CPU.ActiveCfg = Debug|Any CPU
		{0CB0ACD9-4F17-4C9A-97ED-0C654AE237BD}.Debug|Any CPU.Build.0 = Debug|Any CPU
		{0CB0ACD9-4F17-4C9A-97ED-0C654AE237BD}.Release|Any CPU.ActiveCfg = Release|Any CPU
		{0CB0ACD9-4F17-4C9A-97ED-0C654AE237BD}.Release|Any CPU.Build.0 = Release|Any CPU
		{5A21407C-E4C1-4007-B699-CE5953B7BF3D}.Debug|Any CPU.ActiveCfg = Debug|Any CPU
		{5A21407C-E4C1-4007-B699-CE5953B7BF3D}.Debug|Any CPU.Build.0 = Debug|Any CPU
		{5A21407C-E4C1-4007-B699-CE5953B7BF3D}.Release|Any CPU.ActiveCfg = Release|Any CPU
		{5A21407C-E4C1-4007-B699-CE5953B7BF3D}.Release|Any CPU.Build.0 = Release|Any CPU
		{B11D4EAB-D097-4275-A73C-6DA02642263B}.Debug|Any CPU.ActiveCfg = Debug|Any CPU
		{B11D4EAB-D097-4275-A73C-6DA02642263B}.Debug|Any CPU.Build.0 = Debug|Any CPU
		{B11D4EAB-D097-4275-A73C-6DA02642263B}.Release|Any CPU.ActiveCfg = Release|Any CPU
		{B11D4EAB-D097-4275-A73C-6DA02642263B}.Release|Any CPU.Build.0 = Release|Any CPU
		{8D22863B-8AE0-42B8-BCAF-903EB6384461}.Debug|Any CPU.ActiveCfg = Debug|Any CPU
		{8D22863B-8AE0-42B8-BCAF-903EB6384461}.Debug|Any CPU.Build.0 = Debug|Any CPU
		{8D22863B-8AE0-42B8-BCAF-903EB6384461}.Release|Any CPU.ActiveCfg = Release|Any CPU
		{8D22863B-8AE0-42B8-BCAF-903EB6384461}.Release|Any CPU.Build.0 = Release|Any CPU
	EndGlobalSection
	GlobalSection(SolutionProperties) = preSolution
		HideSolutionNode = FALSE
	EndGlobalSection
	GlobalSection(NestedProjects) = preSolution
		{2EBBF8FA-1DFC-47B0-AADB-2E7CD901B093} = {425FD406-BA63-492B-BC62-8581FA219EDD}
		{D16ECF7D-E69A-49FD-A94E-F55E6D92183F} = {4E8129B0-1FE0-434E-B17A-862BAF4046D1}
		{13F5A5C8-CC94-4335-A8B8-DB72F8438460} = {0106386F-3792-4DA2-BC9A-F98C8C236881}
		{AB4AD127-D43C-4CA9-8A2C-2C8156507AC9} = {9CCE20E7-4F41-49ED-9F38-2AD9B44AEA2F}
		{A759D420-2A0B-40F2-84A4-0BDE7916A0C0} = {0106386F-3792-4DA2-BC9A-F98C8C236881}
		{0CB0ACD9-4F17-4C9A-97ED-0C654AE237BD} = {5EA639D5-C646-4D59-940A-011D8A676DA6}
		{5A21407C-E4C1-4007-B699-CE5953B7BF3D} = {5EA639D5-C646-4D59-940A-011D8A676DA6}
		{B11D4EAB-D097-4275-A73C-6DA02642263B} = {0754C759-8CB2-4AC3-A381-90AC7B2947E6}
		{8D22863B-8AE0-42B8-BCAF-903EB6384461} = {FD1427A6-3EEE-47F9-ADF6-DF310DC3C9CF}
	EndGlobalSection
EndGlobal
