
Microsoft Visual Studio Solution File, Format Version 12.00
# Visual Studio Version 17
VisualStudioVersion = 17.12.35707.178
MinimumVisualStudioVersion = 10.0.40219.1
Project("{2150E333-8FDC-42A3-9474-1A3956D46DE8}") = "Core", "Core", "{425FD406-BA63-492B-BC62-8581FA219EDD}"
EndProject
Project("{FAE04EC0-301F-11D3-BF4B-00C04F79EFBC}") = "NetMed.Domain", "NetMed.Domain\NetMed.Domain.csproj", "{2EBBF8FA-1DFC-47B0-AADB-2E7CD901B093}"
EndProject
Project("{2150E333-8FDC-42A3-9474-1A3956D46DE8}") = "Infraestructure", "Infraestructure", "{0106386F-3792-4DA2-BC9A-F98C8C236881}"
EndProject
Project("{2150E333-8FDC-42A3-9474-1A3956D46DE8}") = "Application", "Application", "{4E8129B0-1FE0-434E-B17A-862BAF4046D1}"
EndProject
Project("{FAE04EC0-301F-11D3-BF4B-00C04F79EFBC}") = "NetMed.Application", "NetMed.Application\NetMed.Application.csproj", "{D16ECF7D-E69A-49FD-A94E-F55E6D92183F}"
EndProject
Project("{FAE04EC0-301F-11D3-BF4B-00C04F79EFBC}") = "NetMed.Infraestructure", "NetMed.Infraestructure\NetMed.Infraestructure.csproj", "{13F5A5C8-CC94-4335-A8B8-DB72F8438460}"
EndProject
Project("{FAE04EC0-301F-11D3-BF4B-00C04F79EFBC}") = "NetMed.Persistence", "NetMed.Persistence\NetMed.Persistence.csproj", "{A759D420-2A0B-40F2-84A4-0BDE7916A0C0}"
EndProject
Project("{2150E333-8FDC-42A3-9474-1A3956D46DE8}") = "Test", "Test", "{5EA639D5-C646-4D59-940A-011D8A676DA6}"
EndProject
Project("{2150E333-8FDC-42A3-9474-1A3956D46DE8}") = "Api", "Api", "{0754C759-8CB2-4AC3-A381-90AC7B2947E6}"
EndProject
Project("{2150E333-8FDC-42A3-9474-1A3956D46DE8}") = "IOC", "IOC", "{FD1427A6-3EEE-47F9-ADF6-DF310DC3C9CF}"
EndProject
Project("{FAE04EC0-301F-11D3-BF4B-00C04F79EFBC}") = "NetMed.IOC", "NetMed.IOC\NetMed.IOC.csproj", "{8D22863B-8AE0-42B8-BCAF-903EB6384461}"
EndProject
Project("{FAE04EC0-301F-11D3-BF4B-00C04F79EFBC}") = "NetMed.Model", "NetMed.Model\NetMed.Model.csproj", "{3EE93F14-13D4-45D4-8778-E04B6A487F09}"
EndProject
Project("{FAE04EC0-301F-11D3-BF4B-00C04F79EFBC}") = "NetMed.Api", "NetMed.Api\NetMed.Api.csproj", "{98BE6D5F-087A-43E6-83DC-0F86CCACE34C}"
EndProject
Project("{FAE04EC0-301F-11D3-BF4B-00C04F79EFBC}") = "NetMed.Persistence.Test", "NetMed.Persistence.Test\NetMed.Persistence.Test.csproj", "{F81C9CC6-210F-4208-B226-E42BC22157E1}"
EndProject
Project("{FAE04EC0-301F-11D3-BF4B-00C04F79EFBC}") = "NetMed.Application.Test", "NetMed.Infraestructura.Test\NetMed.Application.Test.csproj", "{8554FEFF-218C-477A-AA1B-AC09998164DD}"
EndProject
Project("{2150E333-8FDC-42A3-9474-1A3956D46DE8}") = "WebServices", "WebServices", "{02EA681E-C7D8-13C7-8484-4AC65E1B71E8}"
EndProject
Project("{FAE04EC0-301F-11D3-BF4B-00C04F79EFBC}") = "NetMed.WebServices", "NetMed.WebServices\NetMed.WebServices.csproj", "{A9D5DFCC-E8D0-4D6B-AAA4-529EDFA5F4C7}"
EndProject
Project("{2150E333-8FDC-42A3-9474-1A3956D46DE8}") = "WebApi", "WebApi", "{C410958A-3A59-49D9-B299-4D7F0B4B50D6}"
EndProject
Project("{FAE04EC0-301F-11D3-BF4B-00C04F79EFBC}") = "NetMed.WebApi", "NetMed.WebApi\NetMed.WebApi.csproj", "{2CB03448-0274-4FD4-AA14-53DD7AFCA7E5}"
EndProject
Global
	GlobalSection(SolutionConfigurationPlatforms) = preSolution
		Debug|Any CPU = Debug|Any CPU
		Release|Any CPU = Release|Any CPU
	EndGlobalSection
	GlobalSection(ProjectConfigurationPlatforms) = postSolution
		{2EBBF8FA-1DFC-47B0-AADB-2E7CD901B093}.Debug|Any CPU.ActiveCfg = Debug|Any CPU
		{2EBBF8FA-1DFC-47B0-AADB-2E7CD901B093}.Debug|Any CPU.Build.0 = Debug|Any CPU
		{2EBBF8FA-1DFC-47B0-AADB-2E7CD901B093}.Release|Any CPU.ActiveCfg = Release|Any CPU
		{2EBBF8FA-1DFC-47B0-AADB-2E7CD901B093}.Release|Any CPU.Build.0 = Release|Any CPU
		{D16ECF7D-E69A-49FD-A94E-F55E6D92183F}.Debug|Any CPU.ActiveCfg = Debug|Any CPU
		{D16ECF7D-E69A-49FD-A94E-F55E6D92183F}.Debug|Any CPU.Build.0 = Debug|Any CPU
		{D16ECF7D-E69A-49FD-A94E-F55E6D92183F}.Release|Any CPU.ActiveCfg = Release|Any CPU
		{D16ECF7D-E69A-49FD-A94E-F55E6D92183F}.Release|Any CPU.Build.0 = Release|Any CPU
		{13F5A5C8-CC94-4335-A8B8-DB72F8438460}.Debug|Any CPU.ActiveCfg = Debug|Any CPU
		{13F5A5C8-CC94-4335-A8B8-DB72F8438460}.Debug|Any CPU.Build.0 = Debug|Any CPU
		{13F5A5C8-CC94-4335-A8B8-DB72F8438460}.Release|Any CPU.ActiveCfg = Release|Any CPU
		{13F5A5C8-CC94-4335-A8B8-DB72F8438460}.Release|Any CPU.Build.0 = Release|Any CPU
		{A759D420-2A0B-40F2-84A4-0BDE7916A0C0}.Debug|Any CPU.ActiveCfg = Debug|Any CPU
		{A759D420-2A0B-40F2-84A4-0BDE7916A0C0}.Debug|Any CPU.Build.0 = Debug|Any CPU
		{A759D420-2A0B-40F2-84A4-0BDE7916A0C0}.Release|Any CPU.ActiveCfg = Release|Any CPU
		{A759D420-2A0B-40F2-84A4-0BDE7916A0C0}.Release|Any CPU.Build.0 = Release|Any CPU
		{8D22863B-8AE0-42B8-BCAF-903EB6384461}.Debug|Any CPU.ActiveCfg = Debug|Any CPU
		{8D22863B-8AE0-42B8-BCAF-903EB6384461}.Debug|Any CPU.Build.0 = Debug|Any CPU
		{8D22863B-8AE0-42B8-BCAF-903EB6384461}.Release|Any CPU.ActiveCfg = Release|Any CPU
		{8D22863B-8AE0-42B8-BCAF-903EB6384461}.Release|Any CPU.Build.0 = Release|Any CPU
		{3EE93F14-13D4-45D4-8778-E04B6A487F09}.Debug|Any CPU.ActiveCfg = Debug|Any CPU
		{3EE93F14-13D4-45D4-8778-E04B6A487F09}.Debug|Any CPU.Build.0 = Debug|Any CPU
		{3EE93F14-13D4-45D4-8778-E04B6A487F09}.Release|Any CPU.ActiveCfg = Release|Any CPU
		{3EE93F14-13D4-45D4-8778-E04B6A487F09}.Release|Any CPU.Build.0 = Release|Any CPU
		{98BE6D5F-087A-43E6-83DC-0F86CCACE34C}.Debug|Any CPU.ActiveCfg = Debug|Any CPU
		{98BE6D5F-087A-43E6-83DC-0F86CCACE34C}.Debug|Any CPU.Build.0 = Debug|Any CPU
		{98BE6D5F-087A-43E6-83DC-0F86CCACE34C}.Release|Any CPU.ActiveCfg = Release|Any CPU
		{98BE6D5F-087A-43E6-83DC-0F86CCACE34C}.Release|Any CPU.Build.0 = Release|Any CPU
		{F81C9CC6-210F-4208-B226-E42BC22157E1}.Debug|Any CPU.ActiveCfg = Debug|Any CPU
		{F81C9CC6-210F-4208-B226-E42BC22157E1}.Debug|Any CPU.Build.0 = Debug|Any CPU
		{F81C9CC6-210F-4208-B226-E42BC22157E1}.Release|Any CPU.ActiveCfg = Release|Any CPU
		{F81C9CC6-210F-4208-B226-E42BC22157E1}.Release|Any CPU.Build.0 = Release|Any CPU
		{8554FEFF-218C-477A-AA1B-AC09998164DD}.Debug|Any CPU.ActiveCfg = Debug|Any CPU
		{8554FEFF-218C-477A-AA1B-AC09998164DD}.Debug|Any CPU.Build.0 = Debug|Any CPU
		{8554FEFF-218C-477A-AA1B-AC09998164DD}.Release|Any CPU.ActiveCfg = Release|Any CPU
		{8554FEFF-218C-477A-AA1B-AC09998164DD}.Release|Any CPU.Build.0 = Release|Any CPU
		{A9D5DFCC-E8D0-4D6B-AAA4-529EDFA5F4C7}.Debug|Any CPU.ActiveCfg = Debug|Any CPU
		{A9D5DFCC-E8D0-4D6B-AAA4-529EDFA5F4C7}.Debug|Any CPU.Build.0 = Debug|Any CPU
		{A9D5DFCC-E8D0-4D6B-AAA4-529EDFA5F4C7}.Release|Any CPU.ActiveCfg = Release|Any CPU
		{A9D5DFCC-E8D0-4D6B-AAA4-529EDFA5F4C7}.Release|Any CPU.Build.0 = Release|Any CPU
		{2CB03448-0274-4FD4-AA14-53DD7AFCA7E5}.Debug|Any CPU.ActiveCfg = Debug|Any CPU
		{2CB03448-0274-4FD4-AA14-53DD7AFCA7E5}.Debug|Any CPU.Build.0 = Debug|Any CPU
		{2CB03448-0274-4FD4-AA14-53DD7AFCA7E5}.Release|Any CPU.ActiveCfg = Release|Any CPU
		{2CB03448-0274-4FD4-AA14-53DD7AFCA7E5}.Release|Any CPU.Build.0 = Release|Any CPU
	EndGlobalSection
	GlobalSection(SolutionProperties) = preSolution
		HideSolutionNode = FALSE
	EndGlobalSection
	GlobalSection(NestedProjects) = preSolution
		{2EBBF8FA-1DFC-47B0-AADB-2E7CD901B093} = {425FD406-BA63-492B-BC62-8581FA219EDD}
		{D16ECF7D-E69A-49FD-A94E-F55E6D92183F} = {4E8129B0-1FE0-434E-B17A-862BAF4046D1}
		{13F5A5C8-CC94-4335-A8B8-DB72F8438460} = {0106386F-3792-4DA2-BC9A-F98C8C236881}
		{A759D420-2A0B-40F2-84A4-0BDE7916A0C0} = {0106386F-3792-4DA2-BC9A-F98C8C236881}
		{8D22863B-8AE0-42B8-BCAF-903EB6384461} = {FD1427A6-3EEE-47F9-ADF6-DF310DC3C9CF}
		{3EE93F14-13D4-45D4-8778-E04B6A487F09} = {425FD406-BA63-492B-BC62-8581FA219EDD}
		{98BE6D5F-087A-43E6-83DC-0F86CCACE34C} = {0754C759-8CB2-4AC3-A381-90AC7B2947E6}
		{F81C9CC6-210F-4208-B226-E42BC22157E1} = {5EA639D5-C646-4D59-940A-011D8A676DA6}
		{8554FEFF-218C-477A-AA1B-AC09998164DD} = {5EA639D5-C646-4D59-940A-011D8A676DA6}
		{A9D5DFCC-E8D0-4D6B-AAA4-529EDFA5F4C7} = {02EA681E-C7D8-13C7-8484-4AC65E1B71E8}
		{2CB03448-0274-4FD4-AA14-53DD7AFCA7E5} = {C410958A-3A59-49D9-B299-4D7F0B4B50D6}
	EndGlobalSection
	GlobalSection(ExtensibilityGlobals) = postSolution
		SolutionGuid = {E95875F1-A7C7-4CBC-AC20-D0AC4EEBC7E9}
	EndGlobalSection
EndGlobal
